// !$*UTF8*$!
{
	archiveVersion = 1;
	classes = {
	};
	objectVersion = 55;
	objects = {

/* Begin PBXBuildFile section */
		330B62712814F5D900AE9D81 /* Tests_iOS.swift in Sources */ = {isa = PBXBuildFile; fileRef = 330B62702814F5D900AE9D81 /* Tests_iOS.swift */; };
		330B62732814F5D900AE9D81 /* Tests_iOSLaunchTests.swift in Sources */ = {isa = PBXBuildFile; fileRef = 330B62722814F5D900AE9D81 /* Tests_iOSLaunchTests.swift */; };
		330B627D2814F5D900AE9D81 /* Tests_macOS.swift in Sources */ = {isa = PBXBuildFile; fileRef = 330B627C2814F5D900AE9D81 /* Tests_macOS.swift */; };
		330B627F2814F5D900AE9D81 /* Tests_macOSLaunchTests.swift in Sources */ = {isa = PBXBuildFile; fileRef = 330B627E2814F5D900AE9D81 /* Tests_macOSLaunchTests.swift */; };
		330B62802814F5D900AE9D81 /* RemoverWaterMarkApp.swift in Sources */ = {isa = PBXBuildFile; fileRef = 330B62582814F5D800AE9D81 /* RemoverWaterMarkApp.swift */; };
		330B62812814F5D900AE9D81 /* RemoverWaterMarkApp.swift in Sources */ = {isa = PBXBuildFile; fileRef = 330B62582814F5D800AE9D81 /* RemoverWaterMarkApp.swift */; };
		330B62822814F5D900AE9D81 /* RemoveWaterMarkView.swift in Sources */ = {isa = PBXBuildFile; fileRef = 330B62592814F5D800AE9D81 /* RemoveWaterMarkView.swift */; };
		330B62842814F5D900AE9D81 /* Assets.xcassets in Resources */ = {isa = PBXBuildFile; fileRef = 330B625A2814F5D900AE9D81 /* Assets.xcassets */; };
		330B62852814F5D900AE9D81 /* Assets.xcassets in Resources */ = {isa = PBXBuildFile; fileRef = 330B625A2814F5D900AE9D81 /* Assets.xcassets */; };
		330B62952814F8D600AE9D81 /* ImagePickerView.swift in Sources */ = {isa = PBXBuildFile; fileRef = 330B62942814F8D600AE9D81 /* ImagePickerView.swift */; };
		330B629828151E3400AE9D81 /* Request.swift in Sources */ = {isa = PBXBuildFile; fileRef = 330B629728151E3400AE9D81 /* Request.swift */; };
		330B629928151E3400AE9D81 /* Request.swift in Sources */ = {isa = PBXBuildFile; fileRef = 330B629728151E3400AE9D81 /* Request.swift */; };
		330BB79728503CBB00633602 /* MSVoiceAPI.swift in Sources */ = {isa = PBXBuildFile; fileRef = 330BB79628503CBB00633602 /* MSVoiceAPI.swift */; };
		3345A85A2819372900AD25CE /* Launch Screen.storyboard in Resources */ = {isa = PBXBuildFile; fileRef = 3345A8592819372900AD25CE /* Launch Screen.storyboard */; };
		3345A85C2819479100AD25CE /* UIImageForMacOS.swift in Sources */ = {isa = PBXBuildFile; fileRef = 3345A85B2819479100AD25CE /* UIImageForMacOS.swift */; };
		3353E73C281714010001F12A /* ShareView.swift in Sources */ = {isa = PBXBuildFile; fileRef = 3353E73B281714000001F12A /* ShareView.swift */; };
		336179412815433900221097 /* ReCAPTCHAViewController.swift in Sources */ = {isa = PBXBuildFile; fileRef = 336179402815433900221097 /* ReCAPTCHAViewController.swift */; };
		336179442815438500221097 /* ReCAPTCHAViewModel.swift in Sources */ = {isa = PBXBuildFile; fileRef = 336179432815438500221097 /* ReCAPTCHAViewModel.swift */; };
		336179452815438500221097 /* ReCAPTCHAViewModel.swift in Sources */ = {isa = PBXBuildFile; fileRef = 336179432815438500221097 /* ReCAPTCHAViewModel.swift */; };
		336179472815453600221097 /* recaptcha.html in Resources */ = {isa = PBXBuildFile; fileRef = 336179462815451100221097 /* recaptcha.html */; };
		33617949281549B400221097 /* ReCaptchaView.swift in Sources */ = {isa = PBXBuildFile; fileRef = 33617948281549B400221097 /* ReCaptchaView.swift */; };
		336179C52817F63A00221097 /* UniformTypeIdentifiers.framework in Frameworks */ = {isa = PBXBuildFile; fileRef = 336179AF2817F5D700221097 /* UniformTypeIdentifiers.framework */; };
		336179C82817F63A00221097 /* Media.xcassets in Resources */ = {isa = PBXBuildFile; fileRef = 336179C72817F63A00221097 /* Media.xcassets */; };
		336179CA2817F63A00221097 /* ActionViewController.swift in Sources */ = {isa = PBXBuildFile; fileRef = 336179C92817F63A00221097 /* ActionViewController.swift */; };
		336179D12817F63A00221097 /* RemoveMark.appex in Embed App Extensions */ = {isa = PBXBuildFile; fileRef = 336179C42817F63A00221097 /* RemoveMark.appex */; settings = {ATTRIBUTES = (RemoveHeadersOnCopy, ); }; };
		336FB254284A2CAB00D26B77 /* ContentView.swift in Sources */ = {isa = PBXBuildFile; fileRef = 336FB253284A2CAB00D26B77 /* ContentView.swift */; };
		336FB256284A301500D26B77 /* AIPersonView.swift in Sources */ = {isa = PBXBuildFile; fileRef = 336FB255284A301500D26B77 /* AIPersonView.swift */; };
		336FB25C284A36D300D26B77 /* BaiduApi.swift in Sources */ = {isa = PBXBuildFile; fileRef = 336FB25B284A36D300D26B77 /* BaiduApi.swift */; };
		336FB25E284A5CA000D26B77 /* ApiProtolcol.swift in Sources */ = {isa = PBXBuildFile; fileRef = 336FB25D284A5CA000D26B77 /* ApiProtolcol.swift */; };
		339919C52818F17D003C33E8 /* ContentViewModel.swift in Sources */ = {isa = PBXBuildFile; fileRef = 339919C42818F17D003C33E8 /* ContentViewModel.swift */; };
		339919C62818F17D003C33E8 /* ContentViewModel.swift in Sources */ = {isa = PBXBuildFile; fileRef = 339919C42818F17D003C33E8 /* ContentViewModel.swift */; };
		33CBCC0328295C9A0068A38E /* SideSlideView.swift in Sources */ = {isa = PBXBuildFile; fileRef = 33CBCC0228295C9A0068A38E /* SideSlideView.swift */; };
		33D0A1BA281A5EF9001467EF /* ToastView.swift in Sources */ = {isa = PBXBuildFile; fileRef = 33D0A1B9281A5EF9001467EF /* ToastView.swift */; };
		33D0A1BC281A6A65001467EF /* SettingView.swift in Sources */ = {isa = PBXBuildFile; fileRef = 33D0A1BB281A6A65001467EF /* SettingView.swift */; };
/* End PBXBuildFile section */

/* Begin PBXContainerItemProxy section */
		330B626D2814F5D900AE9D81 /* PBXContainerItemProxy */ = {
			isa = PBXContainerItemProxy;
			containerPortal = 330B62532814F5D800AE9D81 /* Project object */;
			proxyType = 1;
			remoteGlobalIDString = 330B625E2814F5D900AE9D81;
			remoteInfo = "RemoverWaterMark (iOS)";
		};
		330B62792814F5D900AE9D81 /* PBXContainerItemProxy */ = {
			isa = PBXContainerItemProxy;
			containerPortal = 330B62532814F5D800AE9D81 /* Project object */;
			proxyType = 1;
			remoteGlobalIDString = 330B62642814F5D900AE9D81;
			remoteInfo = "RemoverWaterMark (macOS)";
		};
		336179CF2817F63A00221097 /* PBXContainerItemProxy */ = {
			isa = PBXContainerItemProxy;
			containerPortal = 330B62532814F5D800AE9D81 /* Project object */;
			proxyType = 1;
			remoteGlobalIDString = 336179C32817F63A00221097;
			remoteInfo = RemoveMark;
		};
/* End PBXContainerItemProxy section */

/* Begin PBXCopyFilesBuildPhase section */
		336179A82817DCFB00221097 /* Embed App Extensions */ = {
			isa = PBXCopyFilesBuildPhase;
			buildActionMask = 2147483647;
			dstPath = "";
			dstSubfolderSpec = 13;
			files = (
				336179D12817F63A00221097 /* RemoveMark.appex in Embed App Extensions */,
			);
			name = "Embed App Extensions";
			runOnlyForDeploymentPostprocessing = 0;
		};
/* End PBXCopyFilesBuildPhase section */

/* Begin PBXFileReference section */
		330B62582814F5D800AE9D81 /* RemoverWaterMarkApp.swift */ = {isa = PBXFileReference; lastKnownFileType = sourcecode.swift; path = RemoverWaterMarkApp.swift; sourceTree = "<group>"; };
		330B62592814F5D800AE9D81 /* RemoveWaterMarkView.swift */ = {isa = PBXFileReference; lastKnownFileType = sourcecode.swift; path = RemoveWaterMarkView.swift; sourceTree = "<group>"; };
		330B625A2814F5D900AE9D81 /* Assets.xcassets */ = {isa = PBXFileReference; lastKnownFileType = folder.assetcatalog; path = Assets.xcassets; sourceTree = "<group>"; };
		330B625F2814F5D900AE9D81 /* RemoverWaterMark.app */ = {isa = PBXFileReference; explicitFileType = wrapper.application; includeInIndex = 0; path = RemoverWaterMark.app; sourceTree = BUILT_PRODUCTS_DIR; };
		330B62652814F5D900AE9D81 /* RemoverWaterMark.app */ = {isa = PBXFileReference; explicitFileType = wrapper.application; includeInIndex = 0; path = RemoverWaterMark.app; sourceTree = BUILT_PRODUCTS_DIR; };
		330B62672814F5D900AE9D81 /* macOS.entitlements */ = {isa = PBXFileReference; lastKnownFileType = text.plist.entitlements; path = macOS.entitlements; sourceTree = "<group>"; };
		330B626C2814F5D900AE9D81 /* Tests iOS.xctest */ = {isa = PBXFileReference; explicitFileType = wrapper.cfbundle; includeInIndex = 0; path = "Tests iOS.xctest"; sourceTree = BUILT_PRODUCTS_DIR; };
		330B62702814F5D900AE9D81 /* Tests_iOS.swift */ = {isa = PBXFileReference; lastKnownFileType = sourcecode.swift; path = Tests_iOS.swift; sourceTree = "<group>"; };
		330B62722814F5D900AE9D81 /* Tests_iOSLaunchTests.swift */ = {isa = PBXFileReference; lastKnownFileType = sourcecode.swift; path = Tests_iOSLaunchTests.swift; sourceTree = "<group>"; };
		330B62782814F5D900AE9D81 /* Tests macOS.xctest */ = {isa = PBXFileReference; explicitFileType = wrapper.cfbundle; includeInIndex = 0; path = "Tests macOS.xctest"; sourceTree = BUILT_PRODUCTS_DIR; };
		330B627C2814F5D900AE9D81 /* Tests_macOS.swift */ = {isa = PBXFileReference; lastKnownFileType = sourcecode.swift; path = Tests_macOS.swift; sourceTree = "<group>"; };
		330B627E2814F5D900AE9D81 /* Tests_macOSLaunchTests.swift */ = {isa = PBXFileReference; lastKnownFileType = sourcecode.swift; path = Tests_macOSLaunchTests.swift; sourceTree = "<group>"; };
		330B62942814F8D600AE9D81 /* ImagePickerView.swift */ = {isa = PBXFileReference; lastKnownFileType = sourcecode.swift; path = ImagePickerView.swift; sourceTree = "<group>"; };
		330B629728151E3400AE9D81 /* Request.swift */ = {isa = PBXFileReference; lastKnownFileType = sourcecode.swift; path = Request.swift; sourceTree = "<group>"; };
		330BB79628503CBB00633602 /* MSVoiceAPI.swift */ = {isa = PBXFileReference; lastKnownFileType = sourcecode.swift; path = MSVoiceAPI.swift; sourceTree = "<group>"; };
		3345A8592819372900AD25CE /* Launch Screen.storyboard */ = {isa = PBXFileReference; lastKnownFileType = file.storyboard; path = "Launch Screen.storyboard"; sourceTree = "<group>"; };
		3345A85B2819479100AD25CE /* UIImageForMacOS.swift */ = {isa = PBXFileReference; lastKnownFileType = sourcecode.swift; path = UIImageForMacOS.swift; sourceTree = "<group>"; };
		3353E73B281714000001F12A /* ShareView.swift */ = {isa = PBXFileReference; lastKnownFileType = sourcecode.swift; path = ShareView.swift; sourceTree = "<group>"; };
		336179402815433900221097 /* ReCAPTCHAViewController.swift */ = {isa = PBXFileReference; lastKnownFileType = sourcecode.swift; path = ReCAPTCHAViewController.swift; sourceTree = "<group>"; };
		336179432815438500221097 /* ReCAPTCHAViewModel.swift */ = {isa = PBXFileReference; lastKnownFileType = sourcecode.swift; path = ReCAPTCHAViewModel.swift; sourceTree = "<group>"; };
		336179462815451100221097 /* recaptcha.html */ = {isa = PBXFileReference; lastKnownFileType = text.html; path = recaptcha.html; sourceTree = "<group>"; };
		33617948281549B400221097 /* ReCaptchaView.swift */ = {isa = PBXFileReference; lastKnownFileType = sourcecode.swift; path = ReCaptchaView.swift; sourceTree = "<group>"; };
		3361794E2816A45B00221097 /* RemoverWaterMark--iOS--Info.plist */ = {isa = PBXFileReference; lastKnownFileType = text.plist; path = "RemoverWaterMark--iOS--Info.plist"; sourceTree = "<group>"; };
		336179AF2817F5D700221097 /* UniformTypeIdentifiers.framework */ = {isa = PBXFileReference; lastKnownFileType = wrapper.framework; name = UniformTypeIdentifiers.framework; path = System/Library/Frameworks/UniformTypeIdentifiers.framework; sourceTree = SDKROOT; };
		336179C42817F63A00221097 /* RemoveMark.appex */ = {isa = PBXFileReference; explicitFileType = "wrapper.app-extension"; includeInIndex = 0; path = RemoveMark.appex; sourceTree = BUILT_PRODUCTS_DIR; };
		336179C72817F63A00221097 /* Media.xcassets */ = {isa = PBXFileReference; lastKnownFileType = folder.assetcatalog; path = Media.xcassets; sourceTree = "<group>"; };
		336179C92817F63A00221097 /* ActionViewController.swift */ = {isa = PBXFileReference; lastKnownFileType = sourcecode.swift; path = ActionViewController.swift; sourceTree = "<group>"; };
		336179CE2817F63A00221097 /* Info.plist */ = {isa = PBXFileReference; lastKnownFileType = text.plist.xml; path = Info.plist; sourceTree = "<group>"; };
		336179D52818056400221097 /* RemoverWaterMark (iOS).entitlements */ = {isa = PBXFileReference; lastKnownFileType = text.plist.entitlements; path = "RemoverWaterMark (iOS).entitlements"; sourceTree = "<group>"; };
		336179D62818059000221097 /* RemoveMark.entitlements */ = {isa = PBXFileReference; lastKnownFileType = text.plist.entitlements; path = RemoveMark.entitlements; sourceTree = "<group>"; };
		336FB253284A2CAB00D26B77 /* ContentView.swift */ = {isa = PBXFileReference; lastKnownFileType = sourcecode.swift; path = ContentView.swift; sourceTree = "<group>"; };
		336FB255284A301500D26B77 /* AIPersonView.swift */ = {isa = PBXFileReference; lastKnownFileType = sourcecode.swift; path = AIPersonView.swift; sourceTree = "<group>"; };
		336FB25B284A36D300D26B77 /* BaiduApi.swift */ = {isa = PBXFileReference; lastKnownFileType = sourcecode.swift; path = BaiduApi.swift; sourceTree = "<group>"; };
		336FB25D284A5CA000D26B77 /* ApiProtolcol.swift */ = {isa = PBXFileReference; lastKnownFileType = sourcecode.swift; path = ApiProtolcol.swift; sourceTree = "<group>"; };
		339919C42818F17D003C33E8 /* ContentViewModel.swift */ = {isa = PBXFileReference; lastKnownFileType = sourcecode.swift; path = ContentViewModel.swift; sourceTree = "<group>"; };
		33CBCC0228295C9A0068A38E /* SideSlideView.swift */ = {isa = PBXFileReference; fileEncoding = 4; lastKnownFileType = sourcecode.swift; path = SideSlideView.swift; sourceTree = "<group>"; };
		33D0A1B9281A5EF9001467EF /* ToastView.swift */ = {isa = PBXFileReference; lastKnownFileType = sourcecode.swift; path = ToastView.swift; sourceTree = "<group>"; };
		33D0A1BB281A6A65001467EF /* SettingView.swift */ = {isa = PBXFileReference; lastKnownFileType = sourcecode.swift; path = SettingView.swift; sourceTree = "<group>"; };
/* End PBXFileReference section */

/* Begin PBXFrameworksBuildPhase section */
		330B625C2814F5D900AE9D81 /* Frameworks */ = {
			isa = PBXFrameworksBuildPhase;
			buildActionMask = 2147483647;
			files = (
			);
			runOnlyForDeploymentPostprocessing = 0;
		};
		330B62622814F5D900AE9D81 /* Frameworks */ = {
			isa = PBXFrameworksBuildPhase;
			buildActionMask = 2147483647;
			files = (
			);
			runOnlyForDeploymentPostprocessing = 0;
		};
		330B62692814F5D900AE9D81 /* Frameworks */ = {
			isa = PBXFrameworksBuildPhase;
			buildActionMask = 2147483647;
			files = (
			);
			runOnlyForDeploymentPostprocessing = 0;
		};
		330B62752814F5D900AE9D81 /* Frameworks */ = {
			isa = PBXFrameworksBuildPhase;
			buildActionMask = 2147483647;
			files = (
			);
			runOnlyForDeploymentPostprocessing = 0;
		};
		336179C12817F63A00221097 /* Frameworks */ = {
			isa = PBXFrameworksBuildPhase;
			buildActionMask = 2147483647;
			files = (
				336179C52817F63A00221097 /* UniformTypeIdentifiers.framework in Frameworks */,
			);
			runOnlyForDeploymentPostprocessing = 0;
		};
/* End PBXFrameworksBuildPhase section */

/* Begin PBXGroup section */
		330B62522814F5D800AE9D81 = {
			isa = PBXGroup;
			children = (
				3345A8592819372900AD25CE /* Launch Screen.storyboard */,
				336179D52818056400221097 /* RemoverWaterMark (iOS).entitlements */,
				3361794E2816A45B00221097 /* RemoverWaterMark--iOS--Info.plist */,
				330B62572814F5D800AE9D81 /* Shared */,
				330B62662814F5D900AE9D81 /* macOS */,
				330B626F2814F5D900AE9D81 /* Tests iOS */,
				330B627B2814F5D900AE9D81 /* Tests macOS */,
				336179C62817F63A00221097 /* RemoveMark */,
				336179AE2817F5D700221097 /* Frameworks */,
				330B62602814F5D900AE9D81 /* Products */,
			);
			sourceTree = "<group>";
		};
		330B62572814F5D800AE9D81 /* Shared */ = {
			isa = PBXGroup;
			children = (
				336FB25A284A339400D26B77 /* API */,
				336FB259284A338A00D26B77 /* Extentions */,
				336FB258284A338300D26B77 /* Model */,
				336FB257284A337900D26B77 /* View */,
				330B62582814F5D800AE9D81 /* RemoverWaterMarkApp.swift */,
				330B625A2814F5D900AE9D81 /* Assets.xcassets */,
				336179462815451100221097 /* recaptcha.html */,
				3345A85B2819479100AD25CE /* UIImageForMacOS.swift */,
			);
			path = Shared;
			sourceTree = "<group>";
		};
		330B62602814F5D900AE9D81 /* Products */ = {
			isa = PBXGroup;
			children = (
				330B625F2814F5D900AE9D81 /* RemoverWaterMark.app */,
				330B62652814F5D900AE9D81 /* RemoverWaterMark.app */,
				330B626C2814F5D900AE9D81 /* Tests iOS.xctest */,
				330B62782814F5D900AE9D81 /* Tests macOS.xctest */,
				336179C42817F63A00221097 /* RemoveMark.appex */,
			);
			name = Products;
			sourceTree = "<group>";
		};
		330B62662814F5D900AE9D81 /* macOS */ = {
			isa = PBXGroup;
			children = (
				330B62672814F5D900AE9D81 /* macOS.entitlements */,
			);
			path = macOS;
			sourceTree = "<group>";
		};
		330B626F2814F5D900AE9D81 /* Tests iOS */ = {
			isa = PBXGroup;
			children = (
				330B62702814F5D900AE9D81 /* Tests_iOS.swift */,
				330B62722814F5D900AE9D81 /* Tests_iOSLaunchTests.swift */,
			);
			path = "Tests iOS";
			sourceTree = "<group>";
		};
		330B627B2814F5D900AE9D81 /* Tests macOS */ = {
			isa = PBXGroup;
			children = (
				330B627C2814F5D900AE9D81 /* Tests_macOS.swift */,
				330B627E2814F5D900AE9D81 /* Tests_macOSLaunchTests.swift */,
			);
			path = "Tests macOS";
			sourceTree = "<group>";
		};
		336179AE2817F5D700221097 /* Frameworks */ = {
			isa = PBXGroup;
			children = (
				336179AF2817F5D700221097 /* UniformTypeIdentifiers.framework */,
			);
			name = Frameworks;
			sourceTree = "<group>";
		};
		336179C62817F63A00221097 /* RemoveMark */ = {
			isa = PBXGroup;
			children = (
				336179D62818059000221097 /* RemoveMark.entitlements */,
				336179C72817F63A00221097 /* Media.xcassets */,
				336179C92817F63A00221097 /* ActionViewController.swift */,
				336179CE2817F63A00221097 /* Info.plist */,
			);
			path = RemoveMark;
			sourceTree = "<group>";
		};
		336FB257284A337900D26B77 /* View */ = {
			isa = PBXGroup;
			children = (
				336FB253284A2CAB00D26B77 /* ContentView.swift */,
				336FB255284A301500D26B77 /* AIPersonView.swift */,
				33D0A1BB281A6A65001467EF /* SettingView.swift */,
				336179402815433900221097 /* ReCAPTCHAViewController.swift */,
				33617948281549B400221097 /* ReCaptchaView.swift */,
				3353E73B281714000001F12A /* ShareView.swift */,
				330B62942814F8D600AE9D81 /* ImagePickerView.swift */,
				330B62592814F5D800AE9D81 /* RemoveWaterMarkView.swift */,
				33CBCC0228295C9A0068A38E /* SideSlideView.swift */,
			);
			path = View;
			sourceTree = "<group>";
		};
		336FB258284A338300D26B77 /* Model */ = {
			isa = PBXGroup;
			children = (
				339919C42818F17D003C33E8 /* ContentViewModel.swift */,
				336179432815438500221097 /* ReCAPTCHAViewModel.swift */,
			);
			path = Model;
			sourceTree = "<group>";
		};
		336FB259284A338A00D26B77 /* Extentions */ = {
			isa = PBXGroup;
			children = (
				33D0A1B9281A5EF9001467EF /* ToastView.swift */,
			);
			path = Extentions;
			sourceTree = "<group>";
		};
		336FB25A284A339400D26B77 /* API */ = {
			isa = PBXGroup;
			children = (
				330B629728151E3400AE9D81 /* Request.swift */,
				336FB25B284A36D300D26B77 /* BaiduApi.swift */,
				336FB25D284A5CA000D26B77 /* ApiProtolcol.swift */,
				330BB79628503CBB00633602 /* MSVoiceAPI.swift */,
			);
			path = API;
			sourceTree = "<group>";
		};
/* End PBXGroup section */

/* Begin PBXNativeTarget section */
		330B625E2814F5D900AE9D81 /* RemoverWaterMark (iOS) */ = {
			isa = PBXNativeTarget;
			buildConfigurationList = 330B62882814F5D900AE9D81 /* Build configuration list for PBXNativeTarget "RemoverWaterMark (iOS)" */;
			buildPhases = (
				330B625B2814F5D900AE9D81 /* Sources */,
				330B625C2814F5D900AE9D81 /* Frameworks */,
				330B625D2814F5D900AE9D81 /* Resources */,
				336179A82817DCFB00221097 /* Embed App Extensions */,
			);
			buildRules = (
			);
			dependencies = (
				336179D02817F63A00221097 /* PBXTargetDependency */,
			);
			name = "RemoverWaterMark (iOS)";
			productName = "RemoverWaterMark (iOS)";
			productReference = 330B625F2814F5D900AE9D81 /* RemoverWaterMark.app */;
			productType = "com.apple.product-type.application";
		};
		330B62642814F5D900AE9D81 /* RemoverWaterMark (macOS) */ = {
			isa = PBXNativeTarget;
			buildConfigurationList = 330B628B2814F5D900AE9D81 /* Build configuration list for PBXNativeTarget "RemoverWaterMark (macOS)" */;
			buildPhases = (
				330B62612814F5D900AE9D81 /* Sources */,
				330B62622814F5D900AE9D81 /* Frameworks */,
				330B62632814F5D900AE9D81 /* Resources */,
			);
			buildRules = (
			);
			dependencies = (
			);
			name = "RemoverWaterMark (macOS)";
			productName = "RemoverWaterMark (macOS)";
			productReference = 330B62652814F5D900AE9D81 /* RemoverWaterMark.app */;
			productType = "com.apple.product-type.application";
		};
		330B626B2814F5D900AE9D81 /* Tests iOS */ = {
			isa = PBXNativeTarget;
			buildConfigurationList = 330B628E2814F5D900AE9D81 /* Build configuration list for PBXNativeTarget "Tests iOS" */;
			buildPhases = (
				330B62682814F5D900AE9D81 /* Sources */,
				330B62692814F5D900AE9D81 /* Frameworks */,
				330B626A2814F5D900AE9D81 /* Resources */,
			);
			buildRules = (
			);
			dependencies = (
				330B626E2814F5D900AE9D81 /* PBXTargetDependency */,
			);
			name = "Tests iOS";
			productName = "Tests iOS";
			productReference = 330B626C2814F5D900AE9D81 /* Tests iOS.xctest */;
			productType = "com.apple.product-type.bundle.ui-testing";
		};
		330B62772814F5D900AE9D81 /* Tests macOS */ = {
			isa = PBXNativeTarget;
			buildConfigurationList = 330B62912814F5D900AE9D81 /* Build configuration list for PBXNativeTarget "Tests macOS" */;
			buildPhases = (
				330B62742814F5D900AE9D81 /* Sources */,
				330B62752814F5D900AE9D81 /* Frameworks */,
				330B62762814F5D900AE9D81 /* Resources */,
			);
			buildRules = (
			);
			dependencies = (
				330B627A2814F5D900AE9D81 /* PBXTargetDependency */,
			);
			name = "Tests macOS";
			productName = "Tests macOS";
			productReference = 330B62782814F5D900AE9D81 /* Tests macOS.xctest */;
			productType = "com.apple.product-type.bundle.ui-testing";
		};
		336179C32817F63A00221097 /* RemoveMark */ = {
			isa = PBXNativeTarget;
			buildConfigurationList = 336179D22817F63A00221097 /* Build configuration list for PBXNativeTarget "RemoveMark" */;
			buildPhases = (
				336179C02817F63A00221097 /* Sources */,
				336179C12817F63A00221097 /* Frameworks */,
				336179C22817F63A00221097 /* Resources */,
			);
			buildRules = (
			);
			dependencies = (
			);
			name = RemoveMark;
			productName = RemoveMark;
			productReference = 336179C42817F63A00221097 /* RemoveMark.appex */;
			productType = "com.apple.product-type.app-extension";
		};
/* End PBXNativeTarget section */

/* Begin PBXProject section */
		330B62532814F5D800AE9D81 /* Project object */ = {
			isa = PBXProject;
			attributes = {
				BuildIndependentTargetsInParallel = 1;
				KnownAssetTags = (
					New,
				);
				LastSwiftUpdateCheck = 1330;
				LastUpgradeCheck = 1340;
				TargetAttributes = {
					330B625E2814F5D900AE9D81 = {
						CreatedOnToolsVersion = 13.3.1;
					};
					330B62642814F5D900AE9D81 = {
						CreatedOnToolsVersion = 13.3.1;
					};
					330B626B2814F5D900AE9D81 = {
						CreatedOnToolsVersion = 13.3.1;
						TestTargetID = 330B625E2814F5D900AE9D81;
					};
					330B62772814F5D900AE9D81 = {
						CreatedOnToolsVersion = 13.3.1;
						TestTargetID = 330B62642814F5D900AE9D81;
					};
					336179C32817F63A00221097 = {
						CreatedOnToolsVersion = 13.3.1;
					};
				};
			};
			buildConfigurationList = 330B62562814F5D800AE9D81 /* Build configuration list for PBXProject "RemoverWaterMark" */;
			compatibilityVersion = "Xcode 13.0";
			developmentRegion = en;
			hasScannedForEncodings = 0;
			knownRegions = (
				en,
				Base,
			);
			mainGroup = 330B62522814F5D800AE9D81;
			productRefGroup = 330B62602814F5D900AE9D81 /* Products */;
			projectDirPath = "";
			projectRoot = "";
			targets = (
				330B625E2814F5D900AE9D81 /* RemoverWaterMark (iOS) */,
				330B62642814F5D900AE9D81 /* RemoverWaterMark (macOS) */,
				330B626B2814F5D900AE9D81 /* Tests iOS */,
				330B62772814F5D900AE9D81 /* Tests macOS */,
				336179C32817F63A00221097 /* RemoveMark */,
			);
		};
/* End PBXProject section */

/* Begin PBXResourcesBuildPhase section */
		330B625D2814F5D900AE9D81 /* Resources */ = {
			isa = PBXResourcesBuildPhase;
			buildActionMask = 2147483647;
			files = (
				3345A85A2819372900AD25CE /* Launch Screen.storyboard in Resources */,
				336179472815453600221097 /* recaptcha.html in Resources */,
				330B62842814F5D900AE9D81 /* Assets.xcassets in Resources */,
			);
			runOnlyForDeploymentPostprocessing = 0;
		};
		330B62632814F5D900AE9D81 /* Resources */ = {
			isa = PBXResourcesBuildPhase;
			buildActionMask = 2147483647;
			files = (
				330B62852814F5D900AE9D81 /* Assets.xcassets in Resources */,
			);
			runOnlyForDeploymentPostprocessing = 0;
		};
		330B626A2814F5D900AE9D81 /* Resources */ = {
			isa = PBXResourcesBuildPhase;
			buildActionMask = 2147483647;
			files = (
			);
			runOnlyForDeploymentPostprocessing = 0;
		};
		330B62762814F5D900AE9D81 /* Resources */ = {
			isa = PBXResourcesBuildPhase;
			buildActionMask = 2147483647;
			files = (
			);
			runOnlyForDeploymentPostprocessing = 0;
		};
		336179C22817F63A00221097 /* Resources */ = {
			isa = PBXResourcesBuildPhase;
			buildActionMask = 2147483647;
			files = (
				336179C82817F63A00221097 /* Media.xcassets in Resources */,
			);
			runOnlyForDeploymentPostprocessing = 0;
		};
/* End PBXResourcesBuildPhase section */

/* Begin PBXSourcesBuildPhase section */
		330B625B2814F5D900AE9D81 /* Sources */ = {
			isa = PBXSourcesBuildPhase;
			buildActionMask = 2147483647;
			files = (
				330B62952814F8D600AE9D81 /* ImagePickerView.swift in Sources */,
				330B629828151E3400AE9D81 /* Request.swift in Sources */,
				33617949281549B400221097 /* ReCaptchaView.swift in Sources */,
				33CBCC0328295C9A0068A38E /* SideSlideView.swift in Sources */,
				330BB79728503CBB00633602 /* MSVoiceAPI.swift in Sources */,
				330B62822814F5D900AE9D81 /* RemoveWaterMarkView.swift in Sources */,
				336FB25E284A5CA000D26B77 /* ApiProtolcol.swift in Sources */,
				336FB256284A301500D26B77 /* AIPersonView.swift in Sources */,
				33D0A1BA281A5EF9001467EF /* ToastView.swift in Sources */,
				339919C52818F17D003C33E8 /* ContentViewModel.swift in Sources */,
				330B62802814F5D900AE9D81 /* RemoverWaterMarkApp.swift in Sources */,
				336179442815438500221097 /* ReCAPTCHAViewModel.swift in Sources */,
				3353E73C281714010001F12A /* ShareView.swift in Sources */,
				336FB254284A2CAB00D26B77 /* ContentView.swift in Sources */,
				336179412815433900221097 /* ReCAPTCHAViewController.swift in Sources */,
				33D0A1BC281A6A65001467EF /* SettingView.swift in Sources */,
				336FB25C284A36D300D26B77 /* BaiduApi.swift in Sources */,
			);
			runOnlyForDeploymentPostprocessing = 0;
		};
		330B62612814F5D900AE9D81 /* Sources */ = {
			isa = PBXSourcesBuildPhase;
			buildActionMask = 2147483647;
			files = (
				330B629928151E3400AE9D81 /* Request.swift in Sources */,
				3345A85C2819479100AD25CE /* UIImageForMacOS.swift in Sources */,
				339919C62818F17D003C33E8 /* ContentViewModel.swift in Sources */,
				330B62812814F5D900AE9D81 /* RemoverWaterMarkApp.swift in Sources */,
				336179452815438500221097 /* ReCAPTCHAViewModel.swift in Sources */,
			);
			runOnlyForDeploymentPostprocessing = 0;
		};
		330B62682814F5D900AE9D81 /* Sources */ = {
			isa = PBXSourcesBuildPhase;
			buildActionMask = 2147483647;
			files = (
				330B62732814F5D900AE9D81 /* Tests_iOSLaunchTests.swift in Sources */,
				330B62712814F5D900AE9D81 /* Tests_iOS.swift in Sources */,
			);
			runOnlyForDeploymentPostprocessing = 0;
		};
		330B62742814F5D900AE9D81 /* Sources */ = {
			isa = PBXSourcesBuildPhase;
			buildActionMask = 2147483647;
			files = (
				330B627F2814F5D900AE9D81 /* Tests_macOSLaunchTests.swift in Sources */,
				330B627D2814F5D900AE9D81 /* Tests_macOS.swift in Sources */,
			);
			runOnlyForDeploymentPostprocessing = 0;
		};
		336179C02817F63A00221097 /* Sources */ = {
			isa = PBXSourcesBuildPhase;
			buildActionMask = 2147483647;
			files = (
				336179CA2817F63A00221097 /* ActionViewController.swift in Sources */,
			);
			runOnlyForDeploymentPostprocessing = 0;
		};
/* End PBXSourcesBuildPhase section */

/* Begin PBXTargetDependency section */
		330B626E2814F5D900AE9D81 /* PBXTargetDependency */ = {
			isa = PBXTargetDependency;
			target = 330B625E2814F5D900AE9D81 /* RemoverWaterMark (iOS) */;
			targetProxy = 330B626D2814F5D900AE9D81 /* PBXContainerItemProxy */;
		};
		330B627A2814F5D900AE9D81 /* PBXTargetDependency */ = {
			isa = PBXTargetDependency;
			target = 330B62642814F5D900AE9D81 /* RemoverWaterMark (macOS) */;
			targetProxy = 330B62792814F5D900AE9D81 /* PBXContainerItemProxy */;
		};
		336179D02817F63A00221097 /* PBXTargetDependency */ = {
			isa = PBXTargetDependency;
			target = 336179C32817F63A00221097 /* RemoveMark */;
			targetProxy = 336179CF2817F63A00221097 /* PBXContainerItemProxy */;
		};
/* End PBXTargetDependency section */

/* Begin XCBuildConfiguration section */
		330B62862814F5D900AE9D81 /* Debug */ = {
			isa = XCBuildConfiguration;
			buildSettings = {
				ALWAYS_SEARCH_USER_PATHS = NO;
				CLANG_ANALYZER_NONNULL = YES;
				CLANG_ANALYZER_NUMBER_OBJECT_CONVERSION = YES_AGGRESSIVE;
				CLANG_CXX_LANGUAGE_STANDARD = "gnu++17";
				CLANG_ENABLE_MODULES = YES;
				CLANG_ENABLE_OBJC_ARC = YES;
				CLANG_ENABLE_OBJC_WEAK = YES;
				CLANG_WARN_BLOCK_CAPTURE_AUTORELEASING = YES;
				CLANG_WARN_BOOL_CONVERSION = YES;
				CLANG_WARN_COMMA = YES;
				CLANG_WARN_CONSTANT_CONVERSION = YES;
				CLANG_WARN_DEPRECATED_OBJC_IMPLEMENTATIONS = YES;
				CLANG_WARN_DIRECT_OBJC_ISA_USAGE = YES_ERROR;
				CLANG_WARN_DOCUMENTATION_COMMENTS = YES;
				CLANG_WARN_EMPTY_BODY = YES;
				CLANG_WARN_ENUM_CONVERSION = YES;
				CLANG_WARN_INFINITE_RECURSION = YES;
				CLANG_WARN_INT_CONVERSION = YES;
				CLANG_WARN_NON_LITERAL_NULL_CONVERSION = YES;
				CLANG_WARN_OBJC_IMPLICIT_RETAIN_SELF = YES;
				CLANG_WARN_OBJC_LITERAL_CONVERSION = YES;
				CLANG_WARN_OBJC_ROOT_CLASS = YES_ERROR;
				CLANG_WARN_QUOTED_INCLUDE_IN_FRAMEWORK_HEADER = YES;
				CLANG_WARN_RANGE_LOOP_ANALYSIS = YES;
				CLANG_WARN_STRICT_PROTOTYPES = YES;
				CLANG_WARN_SUSPICIOUS_MOVE = YES;
				CLANG_WARN_UNGUARDED_AVAILABILITY = YES_AGGRESSIVE;
				CLANG_WARN_UNREACHABLE_CODE = YES;
				CLANG_WARN__DUPLICATE_METHOD_MATCH = YES;
				COPY_PHASE_STRIP = NO;
				DEBUG_INFORMATION_FORMAT = dwarf;
				ENABLE_STRICT_OBJC_MSGSEND = YES;
				ENABLE_TESTABILITY = YES;
				GCC_C_LANGUAGE_STANDARD = gnu11;
				GCC_DYNAMIC_NO_PIC = NO;
				GCC_NO_COMMON_BLOCKS = YES;
				GCC_OPTIMIZATION_LEVEL = 0;
				GCC_PREPROCESSOR_DEFINITIONS = (
					"DEBUG=1",
					"$(inherited)",
				);
				GCC_WARN_64_TO_32_BIT_CONVERSION = YES;
				GCC_WARN_ABOUT_RETURN_TYPE = YES_ERROR;
				GCC_WARN_UNDECLARED_SELECTOR = YES;
				GCC_WARN_UNINITIALIZED_AUTOS = YES_AGGRESSIVE;
				GCC_WARN_UNUSED_FUNCTION = YES;
				GCC_WARN_UNUSED_VARIABLE = YES;
				MTL_ENABLE_DEBUG_INFO = INCLUDE_SOURCE;
				MTL_FAST_MATH = YES;
				ONLY_ACTIVE_ARCH = YES;
				SWIFT_ACTIVE_COMPILATION_CONDITIONS = DEBUG;
				SWIFT_OPTIMIZATION_LEVEL = "-Onone";
			};
			name = Debug;
		};
		330B62872814F5D900AE9D81 /* Release */ = {
			isa = XCBuildConfiguration;
			buildSettings = {
				ALWAYS_SEARCH_USER_PATHS = NO;
				CLANG_ANALYZER_NONNULL = YES;
				CLANG_ANALYZER_NUMBER_OBJECT_CONVERSION = YES_AGGRESSIVE;
				CLANG_CXX_LANGUAGE_STANDARD = "gnu++17";
				CLANG_ENABLE_MODULES = YES;
				CLANG_ENABLE_OBJC_ARC = YES;
				CLANG_ENABLE_OBJC_WEAK = YES;
				CLANG_WARN_BLOCK_CAPTURE_AUTORELEASING = YES;
				CLANG_WARN_BOOL_CONVERSION = YES;
				CLANG_WARN_COMMA = YES;
				CLANG_WARN_CONSTANT_CONVERSION = YES;
				CLANG_WARN_DEPRECATED_OBJC_IMPLEMENTATIONS = YES;
				CLANG_WARN_DIRECT_OBJC_ISA_USAGE = YES_ERROR;
				CLANG_WARN_DOCUMENTATION_COMMENTS = YES;
				CLANG_WARN_EMPTY_BODY = YES;
				CLANG_WARN_ENUM_CONVERSION = YES;
				CLANG_WARN_INFINITE_RECURSION = YES;
				CLANG_WARN_INT_CONVERSION = YES;
				CLANG_WARN_NON_LITERAL_NULL_CONVERSION = YES;
				CLANG_WARN_OBJC_IMPLICIT_RETAIN_SELF = YES;
				CLANG_WARN_OBJC_LITERAL_CONVERSION = YES;
				CLANG_WARN_OBJC_ROOT_CLASS = YES_ERROR;
				CLANG_WARN_QUOTED_INCLUDE_IN_FRAMEWORK_HEADER = YES;
				CLANG_WARN_RANGE_LOOP_ANALYSIS = YES;
				CLANG_WARN_STRICT_PROTOTYPES = YES;
				CLANG_WARN_SUSPICIOUS_MOVE = YES;
				CLANG_WARN_UNGUARDED_AVAILABILITY = YES_AGGRESSIVE;
				CLANG_WARN_UNREACHABLE_CODE = YES;
				CLANG_WARN__DUPLICATE_METHOD_MATCH = YES;
				COPY_PHASE_STRIP = NO;
				DEBUG_INFORMATION_FORMAT = "dwarf-with-dsym";
				ENABLE_NS_ASSERTIONS = NO;
				ENABLE_STRICT_OBJC_MSGSEND = YES;
				GCC_C_LANGUAGE_STANDARD = gnu11;
				GCC_NO_COMMON_BLOCKS = YES;
				GCC_WARN_64_TO_32_BIT_CONVERSION = YES;
				GCC_WARN_ABOUT_RETURN_TYPE = YES_ERROR;
				GCC_WARN_UNDECLARED_SELECTOR = YES;
				GCC_WARN_UNINITIALIZED_AUTOS = YES_AGGRESSIVE;
				GCC_WARN_UNUSED_FUNCTION = YES;
				GCC_WARN_UNUSED_VARIABLE = YES;
				MTL_ENABLE_DEBUG_INFO = NO;
				MTL_FAST_MATH = YES;
				SWIFT_COMPILATION_MODE = wholemodule;
				SWIFT_OPTIMIZATION_LEVEL = "-O";
			};
			name = Release;
		};
		330B62892814F5D900AE9D81 /* Debug */ = {
			isa = XCBuildConfiguration;
			buildSettings = {
				ALWAYS_EMBED_SWIFT_STANDARD_LIBRARIES = YES;
				ASSETCATALOG_COMPILER_APPICON_NAME = AppIcon;
				ASSETCATALOG_COMPILER_GLOBAL_ACCENT_COLOR_NAME = AccentColor;
				CODE_SIGN_ENTITLEMENTS = "RemoverWaterMark (iOS).entitlements";
				CODE_SIGN_STYLE = Automatic;
				CURRENT_PROJECT_VERSION = 1;
				DEVELOPMENT_TEAM = RCBY5FRZG5;
				ENABLE_PREVIEWS = YES;
				GENERATE_INFOPLIST_FILE = YES;
				INFOPLIST_FILE = "RemoverWaterMark--iOS--Info.plist";
				INFOPLIST_KEY_CFBundleDisplayName = RemoveWatermark;
				INFOPLIST_KEY_LSApplicationCategoryType = "";
				INFOPLIST_KEY_NSPhotoLibraryAddUsageDescription = "Use to Save Image";
				INFOPLIST_KEY_UIApplicationSceneManifest_Generation = YES;
				INFOPLIST_KEY_UIApplicationSupportsIndirectInputEvents = YES;
				INFOPLIST_KEY_UILaunchScreen_Generation = YES;
				INFOPLIST_KEY_UISupportedInterfaceOrientations_iPad = "UIInterfaceOrientationPortrait UIInterfaceOrientationPortraitUpsideDown UIInterfaceOrientationLandscapeLeft UIInterfaceOrientationLandscapeRight";
				INFOPLIST_KEY_UISupportedInterfaceOrientations_iPhone = "UIInterfaceOrientationPortrait UIInterfaceOrientationLandscapeLeft UIInterfaceOrientationLandscapeRight";
				IPHONEOS_DEPLOYMENT_TARGET = 15.4;
				LD_RUNPATH_SEARCH_PATHS = (
					"$(inherited)",
					"@executable_path/Frameworks",
				);
				MARKETING_VERSION = 1.0;
				PRODUCT_BUNDLE_IDENTIFIER = or.sofent.RemoverWaterMark;
				PRODUCT_NAME = RemoverWaterMark;
				SDKROOT = iphoneos;
				SWIFT_EMIT_LOC_STRINGS = YES;
				SWIFT_VERSION = 5.0;
				TARGETED_DEVICE_FAMILY = "1,2";
			};
			name = Debug;
		};
		330B628A2814F5D900AE9D81 /* Release */ = {
			isa = XCBuildConfiguration;
			buildSettings = {
				ALWAYS_EMBED_SWIFT_STANDARD_LIBRARIES = YES;
				ASSETCATALOG_COMPILER_APPICON_NAME = AppIcon;
				ASSETCATALOG_COMPILER_GLOBAL_ACCENT_COLOR_NAME = AccentColor;
				CODE_SIGN_ENTITLEMENTS = "RemoverWaterMark (iOS).entitlements";
				CODE_SIGN_STYLE = Automatic;
				CURRENT_PROJECT_VERSION = 1;
				DEVELOPMENT_TEAM = RCBY5FRZG5;
				ENABLE_PREVIEWS = YES;
				GENERATE_INFOPLIST_FILE = YES;
				INFOPLIST_FILE = "RemoverWaterMark--iOS--Info.plist";
				INFOPLIST_KEY_CFBundleDisplayName = RemoveWatermark;
				INFOPLIST_KEY_LSApplicationCategoryType = "";
				INFOPLIST_KEY_NSPhotoLibraryAddUsageDescription = "Use to Save Image";
				INFOPLIST_KEY_UIApplicationSceneManifest_Generation = YES;
				INFOPLIST_KEY_UIApplicationSupportsIndirectInputEvents = YES;
				INFOPLIST_KEY_UILaunchScreen_Generation = YES;
				INFOPLIST_KEY_UISupportedInterfaceOrientations_iPad = "UIInterfaceOrientationPortrait UIInterfaceOrientationPortraitUpsideDown UIInterfaceOrientationLandscapeLeft UIInterfaceOrientationLandscapeRight";
				INFOPLIST_KEY_UISupportedInterfaceOrientations_iPhone = "UIInterfaceOrientationPortrait UIInterfaceOrientationLandscapeLeft UIInterfaceOrientationLandscapeRight";
				IPHONEOS_DEPLOYMENT_TARGET = 15.4;
				LD_RUNPATH_SEARCH_PATHS = (
					"$(inherited)",
					"@executable_path/Frameworks",
				);
				MARKETING_VERSION = 1.0;
				PRODUCT_BUNDLE_IDENTIFIER = or.sofent.RemoverWaterMark;
				PRODUCT_NAME = RemoverWaterMark;
				SDKROOT = iphoneos;
				SWIFT_EMIT_LOC_STRINGS = YES;
				SWIFT_VERSION = 5.0;
				TARGETED_DEVICE_FAMILY = "1,2";
				VALIDATE_PRODUCT = YES;
			};
			name = Release;
		};
		330B628C2814F5D900AE9D81 /* Debug */ = {
			isa = XCBuildConfiguration;
			buildSettings = {
				ASSETCATALOG_COMPILER_APPICON_NAME = AppIcon;
				ASSETCATALOG_COMPILER_GLOBAL_ACCENT_COLOR_NAME = AccentColor;
				CODE_SIGN_ENTITLEMENTS = macOS/macOS.entitlements;
				CODE_SIGN_IDENTITY = "-";
				CODE_SIGN_STYLE = Automatic;
				COMBINE_HIDPI_IMAGES = YES;
				CURRENT_PROJECT_VERSION = 1;
				ENABLE_PREVIEWS = YES;
				GENERATE_INFOPLIST_FILE = YES;
				INFOPLIST_KEY_NSHumanReadableCopyright = "";
				LD_RUNPATH_SEARCH_PATHS = (
					"$(inherited)",
					"@executable_path/../Frameworks",
				);
				MACOSX_DEPLOYMENT_TARGET = 12.3;
				MARKETING_VERSION = 1.0;
				PRODUCT_BUNDLE_IDENTIFIER = or.sofent.RemoverWaterMark;
				PRODUCT_NAME = RemoverWaterMark;
				SDKROOT = macosx;
				SWIFT_EMIT_LOC_STRINGS = YES;
				SWIFT_VERSION = 5.0;
			};
			name = Debug;
		};
		330B628D2814F5D900AE9D81 /* Release */ = {
			isa = XCBuildConfiguration;
			buildSettings = {
				ASSETCATALOG_COMPILER_APPICON_NAME = AppIcon;
				ASSETCATALOG_COMPILER_GLOBAL_ACCENT_COLOR_NAME = AccentColor;
				CODE_SIGN_ENTITLEMENTS = macOS/macOS.entitlements;
				CODE_SIGN_IDENTITY = "-";
				CODE_SIGN_STYLE = Automatic;
				COMBINE_HIDPI_IMAGES = YES;
				CURRENT_PROJECT_VERSION = 1;
				ENABLE_PREVIEWS = YES;
				GENERATE_INFOPLIST_FILE = YES;
				INFOPLIST_KEY_NSHumanReadableCopyright = "";
				LD_RUNPATH_SEARCH_PATHS = (
					"$(inherited)",
					"@executable_path/../Frameworks",
				);
				MACOSX_DEPLOYMENT_TARGET = 12.3;
				MARKETING_VERSION = 1.0;
				PRODUCT_BUNDLE_IDENTIFIER = or.sofent.RemoverWaterMark;
				PRODUCT_NAME = RemoverWaterMark;
				SDKROOT = macosx;
				SWIFT_EMIT_LOC_STRINGS = YES;
				SWIFT_VERSION = 5.0;
			};
			name = Release;
		};
		330B628F2814F5D900AE9D81 /* Debug */ = {
			isa = XCBuildConfiguration;
			buildSettings = {
				ALWAYS_EMBED_SWIFT_STANDARD_LIBRARIES = YES;
				CODE_SIGN_STYLE = Automatic;
				CURRENT_PROJECT_VERSION = 1;
				GENERATE_INFOPLIST_FILE = YES;
				IPHONEOS_DEPLOYMENT_TARGET = 15.4;
				MARKETING_VERSION = 1.0;
				PRODUCT_BUNDLE_IDENTIFIER = "or.sofent.Tests-iOS";
				PRODUCT_NAME = "$(TARGET_NAME)";
				SDKROOT = iphoneos;
				SWIFT_EMIT_LOC_STRINGS = NO;
				SWIFT_VERSION = 5.0;
				TARGETED_DEVICE_FAMILY = "1,2";
				TEST_TARGET_NAME = "RemoverWaterMark (iOS)";
			};
			name = Debug;
		};
		330B62902814F5D900AE9D81 /* Release */ = {
			isa = XCBuildConfiguration;
			buildSettings = {
				ALWAYS_EMBED_SWIFT_STANDARD_LIBRARIES = YES;
				CODE_SIGN_STYLE = Automatic;
				CURRENT_PROJECT_VERSION = 1;
				GENERATE_INFOPLIST_FILE = YES;
				IPHONEOS_DEPLOYMENT_TARGET = 15.4;
				MARKETING_VERSION = 1.0;
				PRODUCT_BUNDLE_IDENTIFIER = "or.sofent.Tests-iOS";
				PRODUCT_NAME = "$(TARGET_NAME)";
				SDKROOT = iphoneos;
				SWIFT_EMIT_LOC_STRINGS = NO;
				SWIFT_VERSION = 5.0;
				TARGETED_DEVICE_FAMILY = "1,2";
				TEST_TARGET_NAME = "RemoverWaterMark (iOS)";
				VALIDATE_PRODUCT = YES;
			};
			name = Release;
		};
		330B62922814F5D900AE9D81 /* Debug */ = {
			isa = XCBuildConfiguration;
			buildSettings = {
				ALWAYS_EMBED_SWIFT_STANDARD_LIBRARIES = YES;
				CODE_SIGN_STYLE = Automatic;
				CURRENT_PROJECT_VERSION = 1;
				GENERATE_INFOPLIST_FILE = YES;
				MACOSX_DEPLOYMENT_TARGET = 12.3;
				MARKETING_VERSION = 1.0;
				PRODUCT_BUNDLE_IDENTIFIER = "or.sofent.Tests-macOS";
				PRODUCT_NAME = "$(TARGET_NAME)";
				SDKROOT = macosx;
				SWIFT_EMIT_LOC_STRINGS = NO;
				SWIFT_VERSION = 5.0;
				TEST_TARGET_NAME = "RemoverWaterMark (macOS)";
			};
			name = Debug;
		};
		330B62932814F5D900AE9D81 /* Release */ = {
			isa = XCBuildConfiguration;
			buildSettings = {
				ALWAYS_EMBED_SWIFT_STANDARD_LIBRARIES = YES;
				CODE_SIGN_STYLE = Automatic;
				CURRENT_PROJECT_VERSION = 1;
				GENERATE_INFOPLIST_FILE = YES;
				MACOSX_DEPLOYMENT_TARGET = 12.3;
				MARKETING_VERSION = 1.0;
				PRODUCT_BUNDLE_IDENTIFIER = "or.sofent.Tests-macOS";
				PRODUCT_NAME = "$(TARGET_NAME)";
				SDKROOT = macosx;
				SWIFT_EMIT_LOC_STRINGS = NO;
				SWIFT_VERSION = 5.0;
				TEST_TARGET_NAME = "RemoverWaterMark (macOS)";
			};
			name = Release;
		};
		336179D32817F63A00221097 /* Debug */ = {
			isa = XCBuildConfiguration;
			buildSettings = {
				CODE_SIGN_ENTITLEMENTS = RemoveMark/RemoveMark.entitlements;
				CODE_SIGN_STYLE = Automatic;
				CURRENT_PROJECT_VERSION = 1;
				DEVELOPMENT_TEAM = RCBY5FRZG5;
				GENERATE_INFOPLIST_FILE = YES;
				INFOPLIST_FILE = RemoveMark/Info.plist;
				INFOPLIST_KEY_CFBundleDisplayName = RemoveMark;
				INFOPLIST_KEY_NSHumanReadableCopyright = "";
				IPHONEOS_DEPLOYMENT_TARGET = 15.4;
				LD_RUNPATH_SEARCH_PATHS = (
					"$(inherited)",
					"@executable_path/Frameworks",
					"@executable_path/../../Frameworks",
				);
				MARKETING_VERSION = 1.0;
				PRODUCT_BUNDLE_IDENTIFIER = or.sofent.RemoverWaterMark.RemoveMark;
				PRODUCT_NAME = "$(TARGET_NAME)";
				SDKROOT = iphoneos;
				SKIP_INSTALL = YES;
				SWIFT_EMIT_LOC_STRINGS = YES;
				SWIFT_VERSION = 5.0;
				TARGETED_DEVICE_FAMILY = "1,2";
			};
			name = Debug;
		};
		336179D42817F63A00221097 /* Release */ = {
			isa = XCBuildConfiguration;
			buildSettings = {
				CODE_SIGN_ENTITLEMENTS = RemoveMark/RemoveMark.entitlements;
				CODE_SIGN_STYLE = Automatic;
				CURRENT_PROJECT_VERSION = 1;
				DEVELOPMENT_TEAM = RCBY5FRZG5;
				GENERATE_INFOPLIST_FILE = YES;
				INFOPLIST_FILE = RemoveMark/Info.plist;
				INFOPLIST_KEY_CFBundleDisplayName = RemoveMark;
				INFOPLIST_KEY_NSHumanReadableCopyright = "";
				IPHONEOS_DEPLOYMENT_TARGET = 15.4;
				LD_RUNPATH_SEARCH_PATHS = (
					"$(inherited)",
					"@executable_path/Frameworks",
					"@executable_path/../../Frameworks",
				);
				MARKETING_VERSION = 1.0;
				PRODUCT_BUNDLE_IDENTIFIER = or.sofent.RemoverWaterMark.RemoveMark;
				PRODUCT_NAME = "$(TARGET_NAME)";
				SDKROOT = iphoneos;
				SKIP_INSTALL = YES;
				SWIFT_EMIT_LOC_STRINGS = YES;
				SWIFT_VERSION = 5.0;
				TARGETED_DEVICE_FAMILY = "1,2";
				VALIDATE_PRODUCT = YES;
			};
			name = Release;
		};
/* End XCBuildConfiguration section */

/* Begin XCConfigurationList section */
		330B62562814F5D800AE9D81 /* Build configuration list for PBXProject "RemoverWaterMark" */ = {
			isa = XCConfigurationList;
			buildConfigurations = (
				330B62862814F5D900AE9D81 /* Debug */,
				330B62872814F5D900AE9D81 /* Release */,
			);
			defaultConfigurationIsVisible = 0;
			defaultConfigurationName = Release;
		};
		330B62882814F5D900AE9D81 /* Build configuration list for PBXNativeTarget "RemoverWaterMark (iOS)" */ = {
			isa = XCConfigurationList;
			buildConfigurations = (
				330B62892814F5D900AE9D81 /* Debug */,
				330B628A2814F5D900AE9D81 /* Release */,
			);
			defaultConfigurationIsVisible = 0;
			defaultConfigurationName = Release;
		};
		330B628B2814F5D900AE9D81 /* Build configuration list for PBXNativeTarget "RemoverWaterMark (macOS)" */ = {
			isa = XCConfigurationList;
			buildConfigurations = (
				330B628C2814F5D900AE9D81 /* Debug */,
				330B628D2814F5D900AE9D81 /* Release */,
			);
			defaultConfigurationIsVisible = 0;
			defaultConfigurationName = Release;
		};
		330B628E2814F5D900AE9D81 /* Build configuration list for PBXNativeTarget "Tests iOS" */ = {
			isa = XCConfigurationList;
			buildConfigurations = (
				330B628F2814F5D900AE9D81 /* Debug */,
				330B62902814F5D900AE9D81 /* Release */,
			);
			defaultConfigurationIsVisible = 0;
			defaultConfigurationName = Release;
		};
		330B62912814F5D900AE9D81 /* Build configuration list for PBXNativeTarget "Tests macOS" */ = {
			isa = XCConfigurationList;
			buildConfigurations = (
				330B62922814F5D900AE9D81 /* Debug */,
				330B62932814F5D900AE9D81 /* Release */,
			);
			defaultConfigurationIsVisible = 0;
			defaultConfigurationName = Release;
		};
		336179D22817F63A00221097 /* Build configuration list for PBXNativeTarget "RemoveMark" */ = {
			isa = XCConfigurationList;
			buildConfigurations = (
				336179D32817F63A00221097 /* Debug */,
				336179D42817F63A00221097 /* Release */,
			);
			defaultConfigurationIsVisible = 0;
			defaultConfigurationName = Release;
		};
/* End XCConfigurationList section */
	};
	rootObject = 330B62532814F5D800AE9D81 /* Project object */;
}
